
Microsoft Visual Studio Solution File, Format Version 12.00
# Visual Studio Version 17
VisualStudioVersion = 17.10.35122.118
MinimumVisualStudioVersion = 10.0.40219.1
Project("{FAE04EC0-301F-11D3-BF4B-00C04F79EFBC}") = "CollectionKlasserDemo", "CollectionKlasserDemo\CollectionKlasserDemo.csproj", "{974AD6A5-6BE3-4F77-BBC9-3F2E14103E50}"
EndProject
Global
	GlobalSection(SolutionConfigurationPlatforms) = preSolution
		Debug|Any CPU = Debug|Any CPU
		Release|Any CPU = Release|Any CPU
	EndGlobalSection
	GlobalSection(ProjectConfigurationPlatforms) = postSolution
		{974AD6A5-6BE3-4F77-BBC9-3F2E14103E50}.Debug|Any CPU.ActiveCfg = Debug|Any CPU
		{974AD6A5-6BE3-4F77-BBC9-3F2E14103E50}.Debug|Any CPU.Build.0 = Debug|Any CPU
		{974AD6A5-6BE3-4F77-BBC9-3F2E14103E50}.Release|Any CPU.ActiveCfg = Release|Any CPU
		{974AD6A5-6BE3-4F77-BBC9-3F2E14103E50}.Release|Any CPU.Build.0 = Release|Any CPU
	EndGlobalSection
	GlobalSection(SolutionProperties) = preSolution
		HideSolutionNode = FALSE
	EndGlobalSection
	GlobalSection(ExtensibilityGlobals) = postSolution
		SolutionGuid = {4E9168FB-B02A-4048-818D-1310B9E3D96F}
	EndGlobalSection
EndGlobal
